
Microsoft Visual Studio Solution File, Format Version 12.00
# Visual Studio Version 17
VisualStudioVersion = 17.8.34330.188
MinimumVisualStudioVersion = 10.0.40219.1
Project("{FAE04EC0-301F-11D3-BF4B-00C04F79EFBC}") = "WebApiCSharp", "WebApiCSharp\WebApiCSharp.csproj", "{5FA99FD9-295D-48B3-8813-13286817F1DD}"
EndProject
Global
	GlobalSection(SolutionConfigurationPlatforms) = preSolution
		Debug|Any CPU = Debug|Any CPU
		Release|Any CPU = Release|Any CPU
	EndGlobalSection
	GlobalSection(ProjectConfigurationPlatforms) = postSolution
		{5FA99FD9-295D-48B3-8813-13286817F1DD}.Debug|Any CPU.ActiveCfg = Debug|Any CPU
		{5FA99FD9-295D-48B3-8813-13286817F1DD}.Debug|Any CPU.Build.0 = Debug|Any CPU
		{5FA99FD9-295D-48B3-8813-13286817F1DD}.Release|Any CPU.ActiveCfg = Release|Any CPU
		{5FA99FD9-295D-48B3-8813-13286817F1DD}.Release|Any CPU.Build.0 = Release|Any CPU
	EndGlobalSection
	GlobalSection(SolutionProperties) = preSolution
		HideSolutionNode = FALSE
	EndGlobalSection
	GlobalSection(ExtensibilityGlobals) = postSolution
		SolutionGuid = {890F03F7-AFC0-40F8-92DD-67DCC33C87D1}
	EndGlobalSection
EndGlobal
